<?xml version="1.0" encoding="UTF-8"?>
<Scheme
   version = "1.3">
   <BuildAction>
      <BuildActionEntries>
         <BuildActionEntry
            buildForRunning = "YES">
            <BuildableReference
               BuildableIdentifier = "primary"
               BlueprintIdentifier = "51E99303224DCE8100767443"
               BuildableName = "ImageRecognitionApp.app"
               BlueprintName = "ImageRecognitionApp"
               ReferencedContainer = "container:ImageRecognitionApp.xcodeproj">
            </BuildableReference>
         </BuildActionEntry>
      </BuildActionEntries>
   </BuildAction>
   <LaunchAction
      useCustomWorkingDirectory = "NO"
      buildConfiguration = "Debug"
      allowLocationSimulation = "YES">
      <BuildableProductRunnable>
         <BuildableReference
            BuildableIdentifier = "primary"
            BlueprintIdentifier = "51E99303224DCE8100767443"
            BuildableName = "ImageRecognitionApp.app"
            BlueprintName = "ImageRecognitionApp"
            ReferencedContainer = "container:ImageRecognitionApp.xcodeproj">
         </BuildableReference>
      </BuildableProductRunnable>
   </LaunchAction>
</Scheme>
